
Microsoft Visual Studio Solution File, Format Version 12.00
# Visual Studio Version 16
VisualStudioVersion = 16.0.29709.97
MinimumVisualStudioVersion = 10.0.40219.1
Project("{FAE04EC0-301F-11D3-BF4B-00C04F79EFBC}") = "pkAccounting", "pkAccounting.csproj", "{CD985CB7-55E9-4674-AD6B-F251D4647A04}"
EndProject
Project("{FAE04EC0-301F-11D3-BF4B-00C04F79EFBC}") = "pkDataAccessLib", "..\pkDataAccessLib\pkDataAccessLib.csproj", "{DA08372E-71FD-4C28-BCA7-31C75DCAF8D1}"
EndProject
Global
	GlobalSection(SolutionConfigurationPlatforms) = preSolution
		Debug|Any CPU = Debug|Any CPU
		Release|Any CPU = Release|Any CPU
	EndGlobalSection
	GlobalSection(ProjectConfigurationPlatforms) = postSolution
		{CD985CB7-55E9-4674-AD6B-F251D4647A04}.Debug|Any CPU.ActiveCfg = Debug|Any CPU
		{CD985CB7-55E9-4674-AD6B-F251D4647A04}.Debug|Any CPU.Build.0 = Debug|Any CPU
		{CD985CB7-55E9-4674-AD6B-F251D4647A04}.Release|Any CPU.ActiveCfg = Release|Any CPU
		{CD985CB7-55E9-4674-AD6B-F251D4647A04}.Release|Any CPU.Build.0 = Release|Any CPU
		{DA08372E-71FD-4C28-BCA7-31C75DCAF8D1}.Debug|Any CPU.ActiveCfg = Debug|Any CPU
		{DA08372E-71FD-4C28-BCA7-31C75DCAF8D1}.Debug|Any CPU.Build.0 = Debug|Any CPU
		{DA08372E-71FD-4C28-BCA7-31C75DCAF8D1}.Release|Any CPU.ActiveCfg = Release|Any CPU
		{DA08372E-71FD-4C28-BCA7-31C75DCAF8D1}.Release|Any CPU.Build.0 = Release|Any CPU
	EndGlobalSection
	GlobalSection(SolutionProperties) = preSolution
		HideSolutionNode = FALSE
	EndGlobalSection
	GlobalSection(ExtensibilityGlobals) = postSolution
		SolutionGuid = {A944703F-0FF1-436F-B8A2-5BC45EF9A93D}
	EndGlobalSection
EndGlobal
